
Microsoft Visual Studio Solution File, Format Version 12.00
# Visual Studio Version 17
VisualStudioVersion = 17.4.33213.308
MinimumVisualStudioVersion = 10.0.40219.1
Project("{9A19103F-16F7-4668-BE54-9A1E7A4F7556}") = "MMV_CSharp", "MMV_CSharp\MMV_CSharp.csproj", "{8F8891E3-32A5-4396-AB14-9A804B70CA1A}"
EndProject
Project("{9A19103F-16F7-4668-BE54-9A1E7A4F7556}") = "MMV_GestionBadge", "MMV_GestionBadge\MMV_GestionBadge.csproj", "{2F752897-79A3-4C35-A51D-DA0F449FAE8B}"
EndProject
Project("{FAE04EC0-301F-11D3-BF4B-00C04F79EFBC}") = "MMV_TU_GestionBadge", "MMV_TU_GestionBadge\MMV_TU_GestionBadge.csproj", "{0136A691-905F-4C56-A078-ADA9FB9039E5}"
EndProject
Global
	GlobalSection(SolutionConfigurationPlatforms) = preSolution
		Debug|Any CPU = Debug|Any CPU
		Release|Any CPU = Release|Any CPU
	EndGlobalSection
	GlobalSection(ProjectConfigurationPlatforms) = postSolution
		{8F8891E3-32A5-4396-AB14-9A804B70CA1A}.Debug|Any CPU.ActiveCfg = Debug|Any CPU
		{8F8891E3-32A5-4396-AB14-9A804B70CA1A}.Debug|Any CPU.Build.0 = Debug|Any CPU
		{8F8891E3-32A5-4396-AB14-9A804B70CA1A}.Release|Any CPU.ActiveCfg = Release|Any CPU
		{8F8891E3-32A5-4396-AB14-9A804B70CA1A}.Release|Any CPU.Build.0 = Release|Any CPU
		{2F752897-79A3-4C35-A51D-DA0F449FAE8B}.Debug|Any CPU.ActiveCfg = Debug|Any CPU
		{2F752897-79A3-4C35-A51D-DA0F449FAE8B}.Debug|Any CPU.Build.0 = Debug|Any CPU
		{2F752897-79A3-4C35-A51D-DA0F449FAE8B}.Release|Any CPU.ActiveCfg = Release|Any CPU
		{2F752897-79A3-4C35-A51D-DA0F449FAE8B}.Release|Any CPU.Build.0 = Release|Any CPU
		{0136A691-905F-4C56-A078-ADA9FB9039E5}.Debug|Any CPU.ActiveCfg = Debug|Any CPU
		{0136A691-905F-4C56-A078-ADA9FB9039E5}.Debug|Any CPU.Build.0 = Debug|Any CPU
		{0136A691-905F-4C56-A078-ADA9FB9039E5}.Release|Any CPU.ActiveCfg = Release|Any CPU
		{0136A691-905F-4C56-A078-ADA9FB9039E5}.Release|Any CPU.Build.0 = Release|Any CPU
	EndGlobalSection
	GlobalSection(SolutionProperties) = preSolution
		HideSolutionNode = FALSE
	EndGlobalSection
	GlobalSection(ExtensibilityGlobals) = postSolution
		SolutionGuid = {522FC9F1-8332-4892-B1D0-8F8AD984520B}
	EndGlobalSection
EndGlobal
